
Microsoft Visual Studio Solution File, Format Version 12.00
# Visual Studio Version 17
VisualStudioVersion = 17.2.32616.157
MinimumVisualStudioVersion = 10.0.40219.1
Project("{FAE04EC0-301F-11D3-BF4B-00C04F79EFBC}") = "LosMellizos", "LosMellizos\LosMellizos.csproj", "{6DD8A535-D472-407B-A84E-6BE0BF2F5FEE}"
EndProject
Global
	GlobalSection(SolutionConfigurationPlatforms) = preSolution
		Debug|Any CPU = Debug|Any CPU
		Release|Any CPU = Release|Any CPU
	EndGlobalSection
	GlobalSection(ProjectConfigurationPlatforms) = postSolution
		{6DD8A535-D472-407B-A84E-6BE0BF2F5FEE}.Debug|Any CPU.ActiveCfg = Debug|Any CPU
		{6DD8A535-D472-407B-A84E-6BE0BF2F5FEE}.Debug|Any CPU.Build.0 = Debug|Any CPU
		{6DD8A535-D472-407B-A84E-6BE0BF2F5FEE}.Release|Any CPU.ActiveCfg = Release|Any CPU
		{6DD8A535-D472-407B-A84E-6BE0BF2F5FEE}.Release|Any CPU.Build.0 = Release|Any CPU
	EndGlobalSection
	GlobalSection(SolutionProperties) = preSolution
		HideSolutionNode = FALSE
	EndGlobalSection
	GlobalSection(ExtensibilityGlobals) = postSolution
		SolutionGuid = {0C61485E-D918-40D4-BA3B-FF9CC8BE0876}
	EndGlobalSection
EndGlobal
